// !$*UTF8*$!
{
	archiveVersion = 1;
	classes = {
	};
	objectVersion = 51;
	objects = {

/* Begin PBXBuildFile section */
		799CBACACA01EA438953731D /* Pods_PointNavigates.framework in Frameworks */ = {isa = PBXBuildFile; fileRef = 76C0B8E2179C62AF4758BB57 /* Pods_PointNavigates.framework */; };
		8A27884F22D7F53700DADDF7 /* AppDelegate.swift in Sources */ = {isa = PBXBuildFile; fileRef = 8A27884E22D7F53700DADDF7 /* AppDelegate.swift */; };
		8A27885122D7F53700DADDF7 /* ViewController.swift in Sources */ = {isa = PBXBuildFile; fileRef = 8A27885022D7F53700DADDF7 /* ViewController.swift */; };
		8A27885422D7F53700DADDF7 /* Main.storyboard in Resources */ = {isa = PBXBuildFile; fileRef = 8A27885222D7F53700DADDF7 /* Main.storyboard */; };
		8A27885622D7F53A00DADDF7 /* Assets.xcassets in Resources */ = {isa = PBXBuildFile; fileRef = 8A27885522D7F53A00DADDF7 /* Assets.xcassets */; };
		8A27885922D7F53A00DADDF7 /* LaunchScreen.storyboard in Resources */ = {isa = PBXBuildFile; fileRef = 8A27885722D7F53A00DADDF7 /* LaunchScreen.storyboard */; };
/* End PBXBuildFile section */

/* Begin PBXFileReference section */
		76C0B8E2179C62AF4758BB57 /* Pods_PointNavigates.framework */ = {isa = PBXFileReference; explicitFileType = wrapper.framework; includeInIndex = 0; path = Pods_PointNavigates.framework; sourceTree = BUILT_PRODUCTS_DIR; };
		8A27884B22D7F53700DADDF7 /* PointNavigates.app */ = {isa = PBXFileReference; explicitFileType = wrapper.application; includeInIndex = 0; path = PointNavigates.app; sourceTree = BUILT_PRODUCTS_DIR; };
		8A27884E22D7F53700DADDF7 /* AppDelegate.swift */ = {isa = PBXFileReference; lastKnownFileType = sourcecode.swift; path = AppDelegate.swift; sourceTree = "<group>"; };
		8A27885022D7F53700DADDF7 /* ViewController.swift */ = {isa = PBXFileReference; lastKnownFileType = sourcecode.swift; path = ViewController.swift; sourceTree = "<group>"; };
		8A27885322D7F53700DADDF7 /* Base */ = {isa = PBXFileReference; lastKnownFileType = file.storyboard; name = Base; path = Base.lproj/Main.storyboard; sourceTree = "<group>"; };
		8A27885522D7F53A00DADDF7 /* Assets.xcassets */ = {isa = PBXFileReference; lastKnownFileType = folder.assetcatalog; path = Assets.xcassets; sourceTree = "<group>"; };
		8A27885822D7F53A00DADDF7 /* Base */ = {isa = PBXFileReference; lastKnownFileType = file.storyboard; name = Base; path = Base.lproj/LaunchScreen.storyboard; sourceTree = "<group>"; };
		8A27885A22D7F53A00DADDF7 /* Info.plist */ = {isa = PBXFileReference; lastKnownFileType = text.plist.xml; path = Info.plist; sourceTree = "<group>"; };
		8E3A5B4E6E123E2D26AAB6B2 /* Pods-PointNavigates.debug.xcconfig */ = {isa = PBXFileReference; includeInIndex = 1; lastKnownFileType = text.xcconfig; name = "Pods-PointNavigates.debug.xcconfig"; path = "Target Support Files/Pods-PointNavigates/Pods-PointNavigates.debug.xcconfig"; sourceTree = "<group>"; };
		CC74E9D9EDBBB2079B0CA234 /* Pods-PointNavigates.release.xcconfig */ = {isa = PBXFileReference; includeInIndex = 1; lastKnownFileType = text.xcconfig; name = "Pods-PointNavigates.release.xcconfig"; path = "Target Support Files/Pods-PointNavigates/Pods-PointNavigates.release.xcconfig"; sourceTree = "<group>"; };
/* End PBXFileReference section */

/* Begin PBXFrameworksBuildPhase section */
		8A27884822D7F53700DADDF7 /* Frameworks */ = {
			isa = PBXFrameworksBuildPhase;
			buildActionMask = 2147483647;
			files = (
				799CBACACA01EA438953731D /* Pods_PointNavigates.framework in Frameworks */,
			);
			runOnlyForDeploymentPostprocessing = 0;
		};
/* End PBXFrameworksBuildPhase section */

/* Begin PBXGroup section */
		55A0B1B2A00C72C4EA47F11E /* Frameworks */ = {
			isa = PBXGroup;
			children = (
				76C0B8E2179C62AF4758BB57 /* Pods_PointNavigates.framework */,
			);
			name = Frameworks;
			sourceTree = "<group>";
		};
		8A27884222D7F53700DADDF7 = {
			isa = PBXGroup;
			children = (
				8A27884D22D7F53700DADDF7 /* PointNavigates */,
				8A27884C22D7F53700DADDF7 /* Products */,
				AFEDB930B44E6E70D9DD2F5A /* Pods */,
				55A0B1B2A00C72C4EA47F11E /* Frameworks */,
			);
			sourceTree = "<group>";
		};
		8A27884C22D7F53700DADDF7 /* Products */ = {
			isa = PBXGroup;
			children = (
				8A27884B22D7F53700DADDF7 /* PointNavigates.app */,
			);
			name = Products;
			sourceTree = "<group>";
		};
		8A27884D22D7F53700DADDF7 /* PointNavigates */ = {
			isa = PBXGroup;
			children = (
				8A27884E22D7F53700DADDF7 /* AppDelegate.swift */,
				8A27885022D7F53700DADDF7 /* ViewController.swift */,
				8A27885222D7F53700DADDF7 /* Main.storyboard */,
				8A27885522D7F53A00DADDF7 /* Assets.xcassets */,
				8A27885722D7F53A00DADDF7 /* LaunchScreen.storyboard */,
				8A27885A22D7F53A00DADDF7 /* Info.plist */,
			);
			path = PointNavigates;
			sourceTree = "<group>";
		};
		AFEDB930B44E6E70D9DD2F5A /* Pods */ = {
			isa = PBXGroup;
			children = (
				8E3A5B4E6E123E2D26AAB6B2 /* Pods-PointNavigates.debug.xcconfig */,
				CC74E9D9EDBBB2079B0CA234 /* Pods-PointNavigates.release.xcconfig */,
			);
			name = Pods;
			path = Pods;
			sourceTree = "<group>";
		};
/* End PBXGroup section */

/* Begin PBXNativeTarget section */
		8A27884A22D7F53700DADDF7 /* PointNavigates */ = {
			isa = PBXNativeTarget;
			buildConfigurationList = 8A27885D22D7F53A00DADDF7 /* Build configuration list for PBXNativeTarget "PointNavigates" */;
			buildPhases = (
				32734FDAAFD6483F77583ECF /* [CP] Check Pods Manifest.lock */,
				8A27884722D7F53700DADDF7 /* Sources */,
				8A27884822D7F53700DADDF7 /* Frameworks */,
				8A27884922D7F53700DADDF7 /* Resources */,
				1FEF566D1848074E2AEE6ECF /* [CP] Embed Pods Frameworks */,
			);
			buildRules = (
			);
			dependencies = (
			);
			name = PointNavigates;
			productName = PointNavigates;
			productReference = 8A27884B22D7F53700DADDF7 /* PointNavigates.app */;
			productType = "com.apple.product-type.application";
		};
/* End PBXNativeTarget section */

/* Begin PBXProject section */
		8A27884322D7F53700DADDF7 /* Project object */ = {
			isa = PBXProject;
			attributes = {
				LastSwiftUpdateCheck = 1010;
				LastUpgradeCheck = 1010;
				ORGANIZATIONNAME = "Starknet Technologies®";
				TargetAttributes = {
					8A27884A22D7F53700DADDF7 = {
						CreatedOnToolsVersion = 10.1;
					};
				};
			};
			buildConfigurationList = 8A27884622D7F53700DADDF7 /* Build configuration list for PBXProject "PointNavigates" */;
			compatibilityVersion = "Xcode 10.0";
			developmentRegion = en;
			hasScannedForEncodings = 0;
			knownRegions = (
				en,
				Base,
			);
			mainGroup = 8A27884222D7F53700DADDF7;
			productRefGroup = 8A27884C22D7F53700DADDF7 /* Products */;
			projectDirPath = "";
			projectRoot = "";
			targets = (
				8A27884A22D7F53700DADDF7 /* PointNavigates */,
			);
		};
/* End PBXProject section */

/* Begin PBXResourcesBuildPhase section */
		8A27884922D7F53700DADDF7 /* Resources */ = {
			isa = PBXResourcesBuildPhase;
			buildActionMask = 2147483647;
			files = (
				8A27885922D7F53A00DADDF7 /* LaunchScreen.storyboard in Resources */,
				8A27885622D7F53A00DADDF7 /* Assets.xcassets in Resources */,
				8A27885422D7F53700DADDF7 /* Main.storyboard in Resources */,
			);
			runOnlyForDeploymentPostprocessing = 0;
		};
/* End PBXResourcesBuildPhase section */

/* Begin PBXShellScriptBuildPhase section */
		1FEF566D1848074E2AEE6ECF /* [CP] Embed Pods Frameworks */ = {
			isa = PBXShellScriptBuildPhase;
			buildActionMask = 2147483647;
			files = (
			);
			inputFileListPaths = (
				"${PODS_ROOT}/Target Support Files/Pods-PointNavigates/Pods-PointNavigates-frameworks-${CONFIGURATION}-input-files.xcfilelist",
			);
			name = "[CP] Embed Pods Frameworks";
			outputFileListPaths = (
				"${PODS_ROOT}/Target Support Files/Pods-PointNavigates/Pods-PointNavigates-frameworks-${CONFIGURATION}-output-files.xcfilelist",
			);
			runOnlyForDeploymentPostprocessing = 0;
			shellPath = /bin/sh;
			shellScript = "\"${PODS_ROOT}/Target Support Files/Pods-PointNavigates/Pods-PointNavigates-frameworks.sh\"\n";
			showEnvVarsInLog = 0;
		};
		32734FDAAFD6483F77583ECF /* [CP] Check Pods Manifest.lock */ = {
			isa = PBXShellScriptBuildPhase;
			buildActionMask = 2147483647;
			files = (
			);
			inputFileListPaths = (
			);
			inputPaths = (
				"${PODS_PODFILE_DIR_PATH}/Podfile.lock",
				"${PODS_ROOT}/Manifest.lock",
			);
			name = "[CP] Check Pods Manifest.lock";
			outputFileListPaths = (
			);
			outputPaths = (
				"$(DERIVED_FILE_DIR)/Pods-PointNavigates-checkManifestLockResult.txt",
			);
			runOnlyForDeploymentPostprocessing = 0;
			shellPath = /bin/sh;
			shellScript = "diff \"${PODS_PODFILE_DIR_PATH}/Podfile.lock\" \"${PODS_ROOT}/Manifest.lock\" > /dev/null\nif [ $? != 0 ] ; then\n    # print error to STDERR\n    echo \"error: The sandbox is not in sync with the Podfile.lock. Run 'pod install' or update your CocoaPods installation.\" >&2\n    exit 1\nfi\n# This output is used by Xcode 'outputs' to avoid re-running this script phase.\necho \"SUCCESS\" > \"${SCRIPT_OUTPUT_FILE_0}\"\n";
			showEnvVarsInLog = 0;
		};
/* End PBXShellScriptBuildPhase section */

/* Begin PBXSourcesBuildPhase section */
		8A27884722D7F53700DADDF7 /* Sources */ = {
			isa = PBXSourcesBuildPhase;
			buildActionMask = 2147483647;
			files = (
				8A27885122D7F53700DADDF7 /* ViewController.swift in Sources */,
				8A27884F22D7F53700DADDF7 /* AppDelegate.swift in Sources */,
			);
			runOnlyForDeploymentPostprocessing = 0;
		};
/* End PBXSourcesBuildPhase section */

/* Begin PBXVariantGroup section */
		8A27885222D7F53700DADDF7 /* Main.storyboard */ = {
			isa = PBXVariantGroup;
			children = (
				8A27885322D7F53700DADDF7 /* Base */,
			);
			name = Main.storyboard;
			sourceTree = "<group>";
		};
		8A27885722D7F53A00DADDF7 /* LaunchScreen.storyboard */ = {
			isa = PBXVariantGroup;
			children = (
				8A27885822D7F53A00DADDF7 /* Base */,
			);
			name = LaunchScreen.storyboard;
			sourceTree = "<group>";
		};
/* End PBXVariantGroup section */

/* Begin XCBuildConfiguration section */
		8A27885B22D7F53A00DADDF7 /* Debug */ = {
			isa = XCBuildConfiguration;
			buildSettings = {
				ALWAYS_SEARCH_USER_PATHS = NO;
				CLANG_ANALYZER_NONNULL = YES;
				CLANG_ANALYZER_NUMBER_OBJECT_CONVERSION = YES_AGGRESSIVE;
				CLANG_CXX_LANGUAGE_STANDARD = "gnu++14";
				CLANG_CXX_LIBRARY = "libc++";
				CLANG_ENABLE_MODULES = YES;
				CLANG_ENABLE_OBJC_ARC = YES;
				CLANG_ENABLE_OBJC_WEAK = YES;
				CLANG_WARN_BLOCK_CAPTURE_AUTORELEASING = YES;
				CLANG_WARN_BOOL_CONVERSION = YES;
				CLANG_WARN_COMMA = YES;
				CLANG_WARN_CONSTANT_CONVERSION = YES;
				CLANG_WARN_DEPRECATED_OBJC_IMPLEMENTATIONS = YES;
				CLANG_WARN_DIRECT_OBJC_ISA_USAGE = YES_ERROR;
				CLANG_WARN_DOCUMENTATION_COMMENTS = YES;
				CLANG_WARN_EMPTY_BODY = YES;
				CLANG_WARN_ENUM_CONVERSION = YES;
				CLANG_WARN_INFINITE_RECURSION = YES;
				CLANG_WARN_INT_CONVERSION = YES;
				CLANG_WARN_NON_LITERAL_NULL_CONVERSION = YES;
				CLANG_WARN_OBJC_IMPLICIT_RETAIN_SELF = YES;
				CLANG_WARN_OBJC_LITERAL_CONVERSION = YES;
				CLANG_WARN_OBJC_ROOT_CLASS = YES_ERROR;
				CLANG_WARN_RANGE_LOOP_ANALYSIS = YES;
				CLANG_WARN_STRICT_PROTOTYPES = YES;
				CLANG_WARN_SUSPICIOUS_MOVE = YES;
				CLANG_WARN_UNGUARDED_AVAILABILITY = YES_AGGRESSIVE;
				CLANG_WARN_UNREACHABLE_CODE = YES;
				CLANG_WARN__DUPLICATE_METHOD_MATCH = YES;
				CODE_SIGN_IDENTITY = "iPhone Developer";
				COPY_PHASE_STRIP = NO;
				DEBUG_INFORMATION_FORMAT = dwarf;
				ENABLE_STRICT_OBJC_MSGSEND = YES;
				ENABLE_TESTABILITY = YES;
				GCC_C_LANGUAGE_STANDARD = gnu11;
				GCC_DYNAMIC_NO_PIC = NO;
				GCC_NO_COMMON_BLOCKS = YES;
				GCC_OPTIMIZATION_LEVEL = 0;
				GCC_PREPROCESSOR_DEFINITIONS = (
					"DEBUG=1",
					"$(inherited)",
				);
				GCC_WARN_64_TO_32_BIT_CONVERSION = YES;
				GCC_WARN_ABOUT_RETURN_TYPE = YES_ERROR;
				GCC_WARN_UNDECLARED_SELECTOR = YES;
				GCC_WARN_UNINITIALIZED_AUTOS = YES_AGGRESSIVE;
				GCC_WARN_UNUSED_FUNCTION = YES;
				GCC_WARN_UNUSED_VARIABLE = YES;
				IPHONEOS_DEPLOYMENT_TARGET = 12.1;
				MTL_ENABLE_DEBUG_INFO = INCLUDE_SOURCE;
				MTL_FAST_MATH = YES;
				ONLY_ACTIVE_ARCH = YES;
				SDKROOT = iphoneos;
				SWIFT_ACTIVE_COMPILATION_CONDITIONS = DEBUG;
				SWIFT_OPTIMIZATION_LEVEL = "-Onone";
			};
			name = Debug;
		};
		8A27885C22D7F53A00DADDF7 /* Release */ = {
			isa = XCBuildConfiguration;
			buildSettings = {
				ALWAYS_SEARCH_USER_PATHS = NO;
				CLANG_ANALYZER_NONNULL = YES;
				CLANG_ANALYZER_NUMBER_OBJECT_CONVERSION = YES_AGGRESSIVE;
				CLANG_CXX_LANGUAGE_STANDARD = "gnu++14";
				CLANG_CXX_LIBRARY = "libc++";
				CLANG_ENABLE_MODULES = YES;
				CLANG_ENABLE_OBJC_ARC = YES;
				CLANG_ENABLE_OBJC_WEAK = YES;
				CLANG_WARN_BLOCK_CAPTURE_AUTORELEASING = YES;
				CLANG_WARN_BOOL_CONVERSION = YES;
				CLANG_WARN_COMMA = YES;
				CLANG_WARN_CONSTANT_CONVERSION = YES;
				CLANG_WARN_DEPRECATED_OBJC_IMPLEMENTATIONS = YES;
				CLANG_WARN_DIRECT_OBJC_ISA_USAGE = YES_ERROR;
				CLANG_WARN_DOCUMENTATION_COMMENTS = YES;
				CLANG_WARN_EMPTY_BODY = YES;
				CLANG_WARN_ENUM_CONVERSION = YES;
				CLANG_WARN_INFINITE_RECURSION = YES;
				CLANG_WARN_INT_CONVERSION = YES;
				CLANG_WARN_NON_LITERAL_NULL_CONVERSION = YES;
				CLANG_WARN_OBJC_IMPLICIT_RETAIN_SELF = YES;
				CLANG_WARN_OBJC_LITERAL_CONVERSION = YES;
				CLANG_WARN_OBJC_ROOT_CLASS = YES_ERROR;
				CLANG_WARN_RANGE_LOOP_ANALYSIS = YES;
				CLANG_WARN_STRICT_PROTOTYPES = YES;
				CLANG_WARN_SUSPICIOUS_MOVE = YES;
				CLANG_WARN_UNGUARDED_AVAILABILITY = YES_AGGRESSIVE;
				CLANG_WARN_UNREACHABLE_CODE = YES;
				CLANG_WARN__DUPLICATE_METHOD_MATCH = YES;
				CODE_SIGN_IDENTITY = "iPhone Developer";
				COPY_PHASE_STRIP = NO;
				DEBUG_INFORMATION_FORMAT = "dwarf-with-dsym";
				ENABLE_NS_ASSERTIONS = NO;
				ENABLE_STRICT_OBJC_MSGSEND = YES;
				GCC_C_LANGUAGE_STANDARD = gnu11;
				GCC_NO_COMMON_BLOCKS = YES;
				GCC_WARN_64_TO_32_BIT_CONVERSION = YES;
				GCC_WARN_ABOUT_RETURN_TYPE = YES_ERROR;
				GCC_WARN_UNDECLARED_SELECTOR = YES;
				GCC_WARN_UNINITIALIZED_AUTOS = YES_AGGRESSIVE;
				GCC_WARN_UNUSED_FUNCTION = YES;
				GCC_WARN_UNUSED_VARIABLE = YES;
				IPHONEOS_DEPLOYMENT_TARGET = 12.1;
				MTL_ENABLE_DEBUG_INFO = NO;
				MTL_FAST_MATH = YES;
				SDKROOT = iphoneos;
				SWIFT_COMPILATION_MODE = wholemodule;
				SWIFT_OPTIMIZATION_LEVEL = "-O";
				VALIDATE_PRODUCT = YES;
			};
			name = Release;
		};
		8A27885E22D7F53A00DADDF7 /* Debug */ = {
			isa = XCBuildConfiguration;
			baseConfigurationReference = 8E3A5B4E6E123E2D26AAB6B2 /* Pods-PointNavigates.debug.xcconfig */;
			buildSettings = {
				ASSETCATALOG_COMPILER_APPICON_NAME = AppIcon;
				CODE_SIGN_STYLE = Automatic;
				DEVELOPMENT_TEAM = QVS959RA29;
				INFOPLIST_FILE = PointNavigates/Info.plist;
				LD_RUNPATH_SEARCH_PATHS = (
					"$(inherited)",
					"@executable_path/Frameworks",
				);
				PRODUCT_BUNDLE_IDENTIFIER = com.jerrytan.PointNavigates;
				PRODUCT_NAME = "$(TARGET_NAME)";
				SWIFT_VERSION = 4.2;
				TARGETED_DEVICE_FAMILY = "1,2";
			};
			name = Debug;
		};
		8A27885F22D7F53A00DADDF7 /* Release */ = {
			isa = XCBuildConfiguration;
			baseConfigurationReference = CC74E9D9EDBBB2079B0CA234 /* Pods-PointNavigates.release.xcconfig */;
			buildSettings = {
				ASSETCATALOG_COMPILER_APPICON_NAME = AppIcon;
				CODE_SIGN_STYLE = Automatic;
				DEVELOPMENT_TEAM = QVS959RA29;
				INFOPLIST_FILE = PointNavigates/Info.plist;
				LD_RUNPATH_SEARCH_PATHS = (
					"$(inherited)",
					"@executable_path/Frameworks",
				);
				PRODUCT_BUNDLE_IDENTIFIER = com.jerrytan.PointNavigates;
				PRODUCT_NAME = "$(TARGET_NAME)";
				SWIFT_VERSION = 4.2;
				TARGETED_DEVICE_FAMILY = "1,2";
			};
			name = Release;
		};
/* End XCBuildConfiguration section */

/* Begin XCConfigurationList section */
		8A27884622D7F53700DADDF7 /* Build configuration list for PBXProject "PointNavigates" */ = {
			isa = XCConfigurationList;
			buildConfigurations = (
				8A27885B22D7F53A00DADDF7 /* Debug */,
				8A27885C22D7F53A00DADDF7 /* Release */,
			);
			defaultConfigurationIsVisible = 0;
			defaultConfigurationName = Release;
		};
		8A27885D22D7F53A00DADDF7 /* Build configuration list for PBXNativeTarget "PointNavigates" */ = {
			isa = XCConfigurationList;
			buildConfigurations = (
				8A27885E22D7F53A00DADDF7 /* Debug */,
				8A27885F22D7F53A00DADDF7 /* Release */,
			);
			defaultConfigurationIsVisible = 0;
			defaultConfigurationName = Release;
		};
/* End XCConfigurationList section */
	};
	rootObject = 8A27884322D7F53700DADDF7 /* Project object */;
}
